
Microsoft Visual Studio Solution File, Format Version 12.00
# Visual Studio 15
VisualStudioVersion = 15.0.28307.438
MinimumVisualStudioVersion = 10.0.40219.1
Project("{FAE04EC0-301F-11D3-BF4B-00C04F79EFBC}") = "ComandoIfElse", "ComandoIfElse\ComandoIfElse.csproj", "{922B043B-9DF4-4CE5-99EE-190424D7C363}"
EndProject
Global
	GlobalSection(SolutionConfigurationPlatforms) = preSolution
		Debug|Any CPU = Debug|Any CPU
		Release|Any CPU = Release|Any CPU
	EndGlobalSection
	GlobalSection(ProjectConfigurationPlatforms) = postSolution
		{922B043B-9DF4-4CE5-99EE-190424D7C363}.Debug|Any CPU.ActiveCfg = Debug|Any CPU
		{922B043B-9DF4-4CE5-99EE-190424D7C363}.Debug|Any CPU.Build.0 = Debug|Any CPU
		{922B043B-9DF4-4CE5-99EE-190424D7C363}.Release|Any CPU.ActiveCfg = Release|Any CPU
		{922B043B-9DF4-4CE5-99EE-190424D7C363}.Release|Any CPU.Build.0 = Release|Any CPU
	EndGlobalSection
	GlobalSection(SolutionProperties) = preSolution
		HideSolutionNode = FALSE
	EndGlobalSection
	GlobalSection(ExtensibilityGlobals) = postSolution
		SolutionGuid = {DD944DEB-0053-42B0-B0EC-7A79E5114DB6}
	EndGlobalSection
EndGlobal
